<?xml version="1.0" encoding="utf-8"?>
<Project ToolsVersion="4.0" xmlns="http://schemas.microsoft.com/developer/msbuild/2003">
  <ItemGroup>
    <Filter Include="Source Files">
      <UniqueIdentifier>{4FC737F1-C7A5-4376-A066-2A32D752A2FF}</UniqueIdentifier>
      <Extensions>cpp;c;cc;cxx;def;odl;idl;hpj;bat;asm;asmx</Extensions>
    </Filter>
    <Filter Include="Header Files">
      <UniqueIdentifier>{93995380-89BD-4b04-88EB-625FBE52EBFB}</UniqueIdentifier>
      <Extensions>h;hh;hpp;hxx;hm;inl;inc;xsd</Extensions>
    </Filter>
    <Filter Include="Resource Files">
      <UniqueIdentifier>{67DA6AB6-F800-4c08-8B7A-83BB121AAD01}</UniqueIdentifier>
      <Extensions>rc;ico;cur;bmp;dlg;rc2;rct;bin;rgs;gif;jpg;jpeg;jpe;resx;tiff;tif;png;wav</Extensions>
    </Filter>
  </ItemGroup>
  <ItemGroup>
    <ClCompile Include="DataCard.cpp">
      <Filter>Source Files</Filter>
    </ClCompile>
    <ClCompile Include="Divergence.cpp">
      <Filter>Source Files</Filter>
    </ClCompile>
    <ClCompile Include="EMA.cpp">
      <Filter>Source Files</Filter>
    </ClCompile>
    <ClCompile Include="EncodeTransform.cpp">
      <Filter>Source Files</Filter>
    </ClCompile>
    <ClCompile Include="KlineGenerate.cpp">
      <Filter>Source Files</Filter>
    </ClCompile>
    <ClCompile Include="LineSegment.cpp">
      <Filter>Source Files</Filter>
    </ClCompile>
    <ClCompile Include="MACD.cpp">
      <Filter>Source Files</Filter>
    </ClCompile>
    <ClCompile Include="main.cpp">
      <Filter>Source Files</Filter>
    </ClCompile>
    <ClCompile Include="Merge.cpp">
      <Filter>Source Files</Filter>
    </ClCompile>
    <ClCompile Include="NoticeHandle.cpp">
      <Filter>Source Files</Filter>
    </ClCompile>
    <ClCompile Include="QuotationHandle.cpp">
      <Filter>Source Files</Filter>
    </ClCompile>
    <ClCompile Include="stdafx.cpp">
      <Filter>Source Files</Filter>
    </ClCompile>
    <ClCompile Include="Stroke.cpp">
      <Filter>Source Files</Filter>
    </ClCompile>
    <ClCompile Include="ThostFtdcHandle.cpp">
      <Filter>Source Files</Filter>
    </ClCompile>
    <ClCompile Include="Trade.cpp">
      <Filter>Source Files</Filter>
    </ClCompile>
    <ClCompile Include="TrendCentralAndType.cpp">
      <Filter>Source Files</Filter>
    </ClCompile>
    <ClCompile Include="Typing.cpp">
      <Filter>Source Files</Filter>
    </ClCompile>
    <ClCompile Include="Utils.cpp">
      <Filter>Source Files</Filter>
    </ClCompile>
    <ClCompile Include="ZenSchedule.cpp">
      <Filter>Source Files</Filter>
    </ClCompile>
    <ClCompile Include="ZenTheory.cpp">
      <Filter>Source Files</Filter>
    </ClCompile>
    <ClCompile Include="secdata_transfer.grpc.pb.cc">
      <Filter>Source Files</Filter>
    </ClCompile>
    <ClCompile Include="secdata_transfer.pb.cc">
      <Filter>Source Files</Filter>
    </ClCompile>
    <ClCompile Include="zen_data_svr.grpc.pb.cc">
      <Filter>Source Files</Filter>
    </ClCompile>
    <ClCompile Include="zen_data_svr.pb.cc">
      <Filter>Source Files</Filter>
    </ClCompile>
    <ClCompile Include="zen_notice.grpc.pb.cc">
      <Filter>Source Files</Filter>
    </ClCompile>
    <ClCompile Include="zen_notice.pb.cc">
      <Filter>Source Files</Filter>
    </ClCompile>
    <ClCompile Include="MarketData.cpp">
      <Filter>Source Files</Filter>
    </ClCompile>
  </ItemGroup>
  <ItemGroup>
    <ClInclude Include="DataCard.h">
      <Filter>Header Files</Filter>
    </ClInclude>
    <ClInclude Include="DataStruct.h">
      <Filter>Header Files</Filter>
    </ClInclude>
    <ClInclude Include="Divergence.h">
      <Filter>Header Files</Filter>
    </ClInclude>
    <ClInclude Include="EMA.h">
      <Filter>Header Files</Filter>
    </ClInclude>
    <ClInclude Include="EncodeTransform.h">
      <Filter>Header Files</Filter>
    </ClInclude>
    <ClInclude Include="KlineGenerate.h">
      <Filter>Header Files</Filter>
    </ClInclude>
    <ClInclude Include="LineSegment.h">
      <Filter>Header Files</Filter>
    </ClInclude>
    <ClInclude Include="MACD.h">
      <Filter>Header Files</Filter>
    </ClInclude>
    <ClInclude Include="Merge.h">
      <Filter>Header Files</Filter>
    </ClInclude>
    <ClInclude Include="NoticeHandle.h">
      <Filter>Header Files</Filter>
    </ClInclude>
    <ClInclude Include="QuotationHandle.h">
      <Filter>Header Files</Filter>
    </ClInclude>
    <ClInclude Include="secdata_transfer.grpc.pb.h">
      <Filter>Header Files</Filter>
    </ClInclude>
    <ClInclude Include="secdata_transfer.pb.h">
      <Filter>Header Files</Filter>
    </ClInclude>
    <ClInclude Include="stdafx.h">
      <Filter>Header Files</Filter>
    </ClInclude>
    <ClInclude Include="Stroke.h">
      <Filter>Header Files</Filter>
    </ClInclude>
    <ClInclude Include="ThostFtdcHandle.h">
      <Filter>Header Files</Filter>
    </ClInclude>
    <ClInclude Include="Trade.h">
      <Filter>Header Files</Filter>
    </ClInclude>
    <ClInclude Include="TrendCentralAndType.h">
      <Filter>Header Files</Filter>
    </ClInclude>
    <ClInclude Include="Typing.h">
      <Filter>Header Files</Filter>
    </ClInclude>
    <ClInclude Include="Utils.h">
      <Filter>Header Files</Filter>
    </ClInclude>
    <ClInclude Include="ZenSchedule.h">
      <Filter>Header Files</Filter>
    </ClInclude>
    <ClInclude Include="ZenTheory.h">
      <Filter>Header Files</Filter>
    </ClInclude>
    <ClInclude Include="zen_data_svr.grpc.pb.h">
      <Filter>Header Files</Filter>
    </ClInclude>
    <ClInclude Include="zen_data_svr.pb.h">
      <Filter>Header Files</Filter>
    </ClInclude>
    <ClInclude Include="zen_notice.grpc.pb.h">
      <Filter>Header Files</Filter>
    </ClInclude>
    <ClInclude Include="zen_notice.pb.h">
      <Filter>Header Files</Filter>
    </ClInclude>
    <ClInclude Include="20210406_tradeapi64_se_windows\ThostFtdcMdApi.h">
      <Filter>Header Files</Filter>
    </ClInclude>
    <ClInclude Include="20210406_tradeapi64_se_windows\ThostFtdcTraderApi.h">
      <Filter>Header Files</Filter>
    </ClInclude>
    <ClInclude Include="20210406_tradeapi64_se_windows\ThostFtdcUserApiDataType.h">
      <Filter>Header Files</Filter>
    </ClInclude>
    <ClInclude Include="20210406_tradeapi64_se_windows\ThostFtdcUserApiStruct.h">
      <Filter>Header Files</Filter>
    </ClInclude>
    <ClInclude Include="MarketData.h">
      <Filter>Header Files</Filter>
    </ClInclude>
  </ItemGroup>
</Project>